
Microsoft Visual Studio Solution File, Format Version 12.00
# Visual Studio 14
VisualStudioVersion = 14.0.25123.0
MinimumVisualStudioVersion = 10.0.40219.1
Project("{2150E333-8FDC-42A3-9474-1A3956D46DE8}") = "src", "src", "{0DFD4498-A929-44E8-9D88-D67F8B954368}"
EndProject
Project("{2150E333-8FDC-42A3-9474-1A3956D46DE8}") = "samples", "samples", "{7FFA45B5-6301-4AD6-850E-05B7A5DDBD9E}"
EndProject
Project("{FAE04EC0-301F-11D3-BF4B-00C04F79EFBC}") = "CQ", "src\CQ\CQ.csproj", "{AC3BA93B-141D-4195-B4E2-A7253CC4629C}"
EndProject
Project("{FAE04EC0-301F-11D3-BF4B-00C04F79EFBC}") = "CQ.HttpApi.Owin", "src\CQ.HttpApi.Owin\CQ.HttpApi.Owin.csproj", "{B3188278-2B2E-4F03-B8F1-87D588EBF2C4}"
EndProject
Project("{FAE04EC0-301F-11D3-BF4B-00C04F79EFBC}") = "Samples.Business", "samples\Samples.Business\Samples.Business.csproj", "{48517E30-7292-40FE-8BC1-C9412BC1F7CB}"
EndProject
Project("{FAE04EC0-301F-11D3-BF4B-00C04F79EFBC}") = "Samples.Contracts", "samples\Samples.Contracts\Samples.Contracts.csproj", "{D5195068-EF87-447C-9B9D-199D3DEF0439}"
EndProject
Project("{FAE04EC0-301F-11D3-BF4B-00C04F79EFBC}") = "Samples.Owin.SelfHost", "samples\Samples.Owin.SelfHost\Samples.Owin.SelfHost.csproj", "{D8A1C9E5-A742-4003-96C3-401DA619440D}"
EndProject
Project("{FAE04EC0-301F-11D3-BF4B-00C04F79EFBC}") = "CQ.HttpApi.Owin.SimpleInjector", "src\CQ.HttpApi.Owin.SimpleInjector\CQ.HttpApi.Owin.SimpleInjector.csproj", "{51AE49F2-58C0-48E2-9D0F-FA921ADF963B}"
EndProject
Project("{2150E333-8FDC-42A3-9474-1A3956D46DE8}") = "test", "test", "{0E350E34-ADE4-44F0-87E0-9783DDA73F7A}"
EndProject
Project("{FAE04EC0-301F-11D3-BF4B-00C04F79EFBC}") = "CQ.HttpApi", "src\CQ.HttpApi\CQ.HttpApi.csproj", "{61524EBF-325E-4B5F-AF61-D0CAB5F009D6}"
EndProject
Project("{FAE04EC0-301F-11D3-BF4B-00C04F79EFBC}") = "CQ.HttpApi.Client", "src\CQ.HttpApi.Client\CQ.HttpApi.Client.csproj", "{3338895A-2D80-4393-8207-B7249E453D0C}"
EndProject
Project("{2150E333-8FDC-42A3-9474-1A3956D46DE8}") = "etc", "etc", "{16A57CDE-C60B-44F5-9AAC-C1A24A233FEE}"
	ProjectSection(SolutionItems) = preProject
		.editorconfig = .editorconfig
		.gitignore = .gitignore
		README.md = README.md
	EndProjectSection
EndProject
Project("{2150E333-8FDC-42A3-9474-1A3956D46DE8}") = "HttpApi", "HttpApi", "{FE2D3981-9C45-4332-B34B-C132331767F5}"
EndProject
Project("{FAE04EC0-301F-11D3-BF4B-00C04F79EFBC}") = "CQ.Tests", "test\CQ.Tests\CQ.Tests.csproj", "{406D4A0D-3956-40DF-815F-B441BB8FEF94}"
EndProject
Global
	GlobalSection(SolutionConfigurationPlatforms) = preSolution
		Debug|Any CPU = Debug|Any CPU
		Release|Any CPU = Release|Any CPU
	EndGlobalSection
	GlobalSection(ProjectConfigurationPlatforms) = postSolution
		{AC3BA93B-141D-4195-B4E2-A7253CC4629C}.Debug|Any CPU.ActiveCfg = Debug|Any CPU
		{AC3BA93B-141D-4195-B4E2-A7253CC4629C}.Debug|Any CPU.Build.0 = Debug|Any CPU
		{AC3BA93B-141D-4195-B4E2-A7253CC4629C}.Release|Any CPU.ActiveCfg = Release|Any CPU
		{AC3BA93B-141D-4195-B4E2-A7253CC4629C}.Release|Any CPU.Build.0 = Release|Any CPU
		{B3188278-2B2E-4F03-B8F1-87D588EBF2C4}.Debug|Any CPU.ActiveCfg = Debug|Any CPU
		{B3188278-2B2E-4F03-B8F1-87D588EBF2C4}.Debug|Any CPU.Build.0 = Debug|Any CPU
		{B3188278-2B2E-4F03-B8F1-87D588EBF2C4}.Release|Any CPU.ActiveCfg = Release|Any CPU
		{B3188278-2B2E-4F03-B8F1-87D588EBF2C4}.Release|Any CPU.Build.0 = Release|Any CPU
		{48517E30-7292-40FE-8BC1-C9412BC1F7CB}.Debug|Any CPU.ActiveCfg = Debug|Any CPU
		{48517E30-7292-40FE-8BC1-C9412BC1F7CB}.Debug|Any CPU.Build.0 = Debug|Any CPU
		{48517E30-7292-40FE-8BC1-C9412BC1F7CB}.Release|Any CPU.ActiveCfg = Release|Any CPU
		{48517E30-7292-40FE-8BC1-C9412BC1F7CB}.Release|Any CPU.Build.0 = Release|Any CPU
		{D5195068-EF87-447C-9B9D-199D3DEF0439}.Debug|Any CPU.ActiveCfg = Debug|Any CPU
		{D5195068-EF87-447C-9B9D-199D3DEF0439}.Debug|Any CPU.Build.0 = Debug|Any CPU
		{D5195068-EF87-447C-9B9D-199D3DEF0439}.Release|Any CPU.ActiveCfg = Release|Any CPU
		{D5195068-EF87-447C-9B9D-199D3DEF0439}.Release|Any CPU.Build.0 = Release|Any CPU
		{D8A1C9E5-A742-4003-96C3-401DA619440D}.Debug|Any CPU.ActiveCfg = Debug|Any CPU
		{D8A1C9E5-A742-4003-96C3-401DA619440D}.Debug|Any CPU.Build.0 = Debug|Any CPU
		{D8A1C9E5-A742-4003-96C3-401DA619440D}.Release|Any CPU.ActiveCfg = Release|Any CPU
		{D8A1C9E5-A742-4003-96C3-401DA619440D}.Release|Any CPU.Build.0 = Release|Any CPU
		{51AE49F2-58C0-48E2-9D0F-FA921ADF963B}.Debug|Any CPU.ActiveCfg = Debug|Any CPU
		{51AE49F2-58C0-48E2-9D0F-FA921ADF963B}.Debug|Any CPU.Build.0 = Debug|Any CPU
		{51AE49F2-58C0-48E2-9D0F-FA921ADF963B}.Release|Any CPU.ActiveCfg = Release|Any CPU
		{51AE49F2-58C0-48E2-9D0F-FA921ADF963B}.Release|Any CPU.Build.0 = Release|Any CPU
		{61524EBF-325E-4B5F-AF61-D0CAB5F009D6}.Debug|Any CPU.ActiveCfg = Debug|Any CPU
		{61524EBF-325E-4B5F-AF61-D0CAB5F009D6}.Debug|Any CPU.Build.0 = Debug|Any CPU
		{61524EBF-325E-4B5F-AF61-D0CAB5F009D6}.Release|Any CPU.ActiveCfg = Release|Any CPU
		{61524EBF-325E-4B5F-AF61-D0CAB5F009D6}.Release|Any CPU.Build.0 = Release|Any CPU
		{3338895A-2D80-4393-8207-B7249E453D0C}.Debug|Any CPU.ActiveCfg = Debug|Any CPU
		{3338895A-2D80-4393-8207-B7249E453D0C}.Debug|Any CPU.Build.0 = Debug|Any CPU
		{3338895A-2D80-4393-8207-B7249E453D0C}.Release|Any CPU.ActiveCfg = Release|Any CPU
		{3338895A-2D80-4393-8207-B7249E453D0C}.Release|Any CPU.Build.0 = Release|Any CPU
		{406D4A0D-3956-40DF-815F-B441BB8FEF94}.Debug|Any CPU.ActiveCfg = Debug|Any CPU
		{406D4A0D-3956-40DF-815F-B441BB8FEF94}.Debug|Any CPU.Build.0 = Debug|Any CPU
		{406D4A0D-3956-40DF-815F-B441BB8FEF94}.Release|Any CPU.ActiveCfg = Release|Any CPU
		{406D4A0D-3956-40DF-815F-B441BB8FEF94}.Release|Any CPU.Build.0 = Release|Any CPU
	EndGlobalSection
	GlobalSection(SolutionProperties) = preSolution
		HideSolutionNode = FALSE
	EndGlobalSection
	GlobalSection(NestedProjects) = preSolution
		{AC3BA93B-141D-4195-B4E2-A7253CC4629C} = {0DFD4498-A929-44E8-9D88-D67F8B954368}
		{B3188278-2B2E-4F03-B8F1-87D588EBF2C4} = {FE2D3981-9C45-4332-B34B-C132331767F5}
		{48517E30-7292-40FE-8BC1-C9412BC1F7CB} = {7FFA45B5-6301-4AD6-850E-05B7A5DDBD9E}
		{D5195068-EF87-447C-9B9D-199D3DEF0439} = {7FFA45B5-6301-4AD6-850E-05B7A5DDBD9E}
		{D8A1C9E5-A742-4003-96C3-401DA619440D} = {7FFA45B5-6301-4AD6-850E-05B7A5DDBD9E}
		{51AE49F2-58C0-48E2-9D0F-FA921ADF963B} = {FE2D3981-9C45-4332-B34B-C132331767F5}
		{61524EBF-325E-4B5F-AF61-D0CAB5F009D6} = {FE2D3981-9C45-4332-B34B-C132331767F5}
		{3338895A-2D80-4393-8207-B7249E453D0C} = {FE2D3981-9C45-4332-B34B-C132331767F5}
		{FE2D3981-9C45-4332-B34B-C132331767F5} = {0DFD4498-A929-44E8-9D88-D67F8B954368}
		{406D4A0D-3956-40DF-815F-B441BB8FEF94} = {0E350E34-ADE4-44F0-87E0-9783DDA73F7A}
	EndGlobalSection
EndGlobal
